
Microsoft Visual Studio Solution File, Format Version 12.00
# Visual Studio 2013
VisualStudioVersion = 12.0.31101.0
MinimumVisualStudioVersion = 10.0.40219.1
Project("{FAE04EC0-301F-11D3-BF4B-00C04F79EFBC}") = "01_Allocate_array", "01_Allocate_array\01_Allocate_array.csproj", "{DCBCE972-2244-4C60-9986-B5F4C3BE5CAC}"
EndProject
Project("{FAE04EC0-301F-11D3-BF4B-00C04F79EFBC}") = "02_Compare_arrays", "02_Compare_arrays\02_Compare_arrays.csproj", "{9DBDB95D-CAAC-4E23-B9A2-0CC0DF4DB4E2}"
EndProject
Project("{FAE04EC0-301F-11D3-BF4B-00C04F79EFBC}") = "03_Compare_char_arrays", "03_Compare_char_arrays\03_Compare_char_arrays.csproj", "{E872AB4C-EA6F-4CD6-848D-ADB2216F0670}"
EndProject
Project("{FAE04EC0-301F-11D3-BF4B-00C04F79EFBC}") = "04_Maximal_sequence", "04_Maximal_sequence\04_Maximal_sequence.csproj", "{6AD8DF27-98BD-4E95-ABB3-57D4DE5982F9}"
EndProject
Project("{FAE04EC0-301F-11D3-BF4B-00C04F79EFBC}") = "05_Maximal_increasing_sequence", "05_Maximal_increasing_sequence\05_Maximal_increasing_sequence.csproj", "{799E2864-EFC6-48F7-A226-61AD8AD93F70}"
EndProject
Project("{FAE04EC0-301F-11D3-BF4B-00C04F79EFBC}") = "06_Maximal_K_sum", "06_Maximal_K_sum\06_Maximal_K_sum.csproj", "{C844793E-8B1D-4CFE-8771-879151E71B7B}"
EndProject
Project("{FAE04EC0-301F-11D3-BF4B-00C04F79EFBC}") = "07_Selection_sort", "07_Selection_sort\07_Selection_sort.csproj", "{9EC50364-4FF4-4AB2-844B-4E3A2E5A6B55}"
EndProject
Project("{FAE04EC0-301F-11D3-BF4B-00C04F79EFBC}") = "08_Maximal_sum", "08_Maximal_sum\08_Maximal_sum.csproj", "{0A049345-BBC5-4220-9BA4-D5643D1DA6DD}"
EndProject
Project("{FAE04EC0-301F-11D3-BF4B-00C04F79EFBC}") = "09_Frequent_number", "09_Frequent_number\09_Frequent_number.csproj", "{42556DF2-A35A-49D6-BC83-6BE8BB5C43E7}"
EndProject
Project("{FAE04EC0-301F-11D3-BF4B-00C04F79EFBC}") = "10_Find_sum_in_array", "10_Find_sum_in_array\10_Find_sum_in_array.csproj", "{91DE5F82-B3FD-4742-8B1F-C04D8CE191B3}"
EndProject
Project("{FAE04EC0-301F-11D3-BF4B-00C04F79EFBC}") = "11_Binary_search", "11_Binary_search\11_Binary_search.csproj", "{FD5337A8-CE58-4FF4-A336-10A01901D388}"
EndProject
Project("{FAE04EC0-301F-11D3-BF4B-00C04F79EFBC}") = "12_Index_of_letters", "12_Index_of_letters\12_Index_of_letters.csproj", "{F6F4EAF9-C5F7-4EBC-8E10-A9AA64094554}"
EndProject
Project("{FAE04EC0-301F-11D3-BF4B-00C04F79EFBC}") = "13_Merge_sort", "13_Merge_sort\13_Merge_sort.csproj", "{2977D33C-6277-4A32-8FD1-1868EC6B77CC}"
EndProject
Project("{FAE04EC0-301F-11D3-BF4B-00C04F79EFBC}") = "14_Quick_sort", "14_Quick_sort\14_Quick_sort.csproj", "{98094A5C-1E39-43A9-B797-63F94E40F1EE}"
EndProject
Project("{FAE04EC0-301F-11D3-BF4B-00C04F79EFBC}") = "15_Prime_numbers", "15_Prime_numbers\15_Prime_numbers.csproj", "{257E6818-7983-4920-B213-627544E9006A}"
EndProject
Project("{FAE04EC0-301F-11D3-BF4B-00C04F79EFBC}") = "17_Subset_K_with_sum_S", "16_Subset_K_with_sum_S\17_Subset_K_with_sum_S.csproj", "{1D55F481-EAA0-4155-B16A-8053264B36E3}"
EndProject
Project("{FAE04EC0-301F-11D3-BF4B-00C04F79EFBC}") = "18_Remove_elements_from_array", "18_Remove_elements_from_array\18_Remove_elements_from_array.csproj", "{A3799195-EB3D-455A-B601-1E017A4558E8}"
EndProject
Project("{FAE04EC0-301F-11D3-BF4B-00C04F79EFBC}") = "16_Subset_with_sum_S", "16_Subset_with_sum_S\16_Subset_with_sum_S.csproj", "{4419B30A-47B4-4F30-A8D4-F02534F9160A}"
EndProject
Project("{FAE04EC0-301F-11D3-BF4B-00C04F79EFBC}") = "19_Permutations_of_set", "19_Permutations_of_set\19_Permutations_of_set.csproj", "{64D3077B-EE98-4938-ABFE-BEF202344EBD}"
EndProject
Project("{FAE04EC0-301F-11D3-BF4B-00C04F79EFBC}") = "20_Variations_of_set", "20_Variations_of_set\20_Variations_of_set.csproj", "{77EAAE23-AD8F-4063-99C6-A2732DA82748}"
EndProject
Project("{FAE04EC0-301F-11D3-BF4B-00C04F79EFBC}") = "21_Combinations_of_set", "21_Combinations_of_set\21_Combinations_of_set.csproj", "{66D6CFF4-4ECE-4BA4-BB8C-D3B58D71F9FE}"
EndProject
Global
	GlobalSection(SolutionConfigurationPlatforms) = preSolution
		Debug|Any CPU = Debug|Any CPU
		Release|Any CPU = Release|Any CPU
	EndGlobalSection
	GlobalSection(ProjectConfigurationPlatforms) = postSolution
		{DCBCE972-2244-4C60-9986-B5F4C3BE5CAC}.Debug|Any CPU.ActiveCfg = Debug|Any CPU
		{DCBCE972-2244-4C60-9986-B5F4C3BE5CAC}.Debug|Any CPU.Build.0 = Debug|Any CPU
		{DCBCE972-2244-4C60-9986-B5F4C3BE5CAC}.Release|Any CPU.ActiveCfg = Release|Any CPU
		{DCBCE972-2244-4C60-9986-B5F4C3BE5CAC}.Release|Any CPU.Build.0 = Release|Any CPU
		{9DBDB95D-CAAC-4E23-B9A2-0CC0DF4DB4E2}.Debug|Any CPU.ActiveCfg = Debug|Any CPU
		{9DBDB95D-CAAC-4E23-B9A2-0CC0DF4DB4E2}.Debug|Any CPU.Build.0 = Debug|Any CPU
		{9DBDB95D-CAAC-4E23-B9A2-0CC0DF4DB4E2}.Release|Any CPU.ActiveCfg = Release|Any CPU
		{9DBDB95D-CAAC-4E23-B9A2-0CC0DF4DB4E2}.Release|Any CPU.Build.0 = Release|Any CPU
		{E872AB4C-EA6F-4CD6-848D-ADB2216F0670}.Debug|Any CPU.ActiveCfg = Debug|Any CPU
		{E872AB4C-EA6F-4CD6-848D-ADB2216F0670}.Debug|Any CPU.Build.0 = Debug|Any CPU
		{E872AB4C-EA6F-4CD6-848D-ADB2216F0670}.Release|Any CPU.ActiveCfg = Release|Any CPU
		{E872AB4C-EA6F-4CD6-848D-ADB2216F0670}.Release|Any CPU.Build.0 = Release|Any CPU
		{6AD8DF27-98BD-4E95-ABB3-57D4DE5982F9}.Debug|Any CPU.ActiveCfg = Debug|Any CPU
		{6AD8DF27-98BD-4E95-ABB3-57D4DE5982F9}.Debug|Any CPU.Build.0 = Debug|Any CPU
		{6AD8DF27-98BD-4E95-ABB3-57D4DE5982F9}.Release|Any CPU.ActiveCfg = Release|Any CPU
		{6AD8DF27-98BD-4E95-ABB3-57D4DE5982F9}.Release|Any CPU.Build.0 = Release|Any CPU
		{799E2864-EFC6-48F7-A226-61AD8AD93F70}.Debug|Any CPU.ActiveCfg = Debug|Any CPU
		{799E2864-EFC6-48F7-A226-61AD8AD93F70}.Debug|Any CPU.Build.0 = Debug|Any CPU
		{799E2864-EFC6-48F7-A226-61AD8AD93F70}.Release|Any CPU.ActiveCfg = Release|Any CPU
		{799E2864-EFC6-48F7-A226-61AD8AD93F70}.Release|Any CPU.Build.0 = Release|Any CPU
		{C844793E-8B1D-4CFE-8771-879151E71B7B}.Debug|Any CPU.ActiveCfg = Debug|Any CPU
		{C844793E-8B1D-4CFE-8771-879151E71B7B}.Debug|Any CPU.Build.0 = Debug|Any CPU
		{C844793E-8B1D-4CFE-8771-879151E71B7B}.Release|Any CPU.ActiveCfg = Release|Any CPU
		{C844793E-8B1D-4CFE-8771-879151E71B7B}.Release|Any CPU.Build.0 = Release|Any CPU
		{9EC50364-4FF4-4AB2-844B-4E3A2E5A6B55}.Debug|Any CPU.ActiveCfg = Debug|Any CPU
		{9EC50364-4FF4-4AB2-844B-4E3A2E5A6B55}.Debug|Any CPU.Build.0 = Debug|Any CPU
		{9EC50364-4FF4-4AB2-844B-4E3A2E5A6B55}.Release|Any CPU.ActiveCfg = Release|Any CPU
		{9EC50364-4FF4-4AB2-844B-4E3A2E5A6B55}.Release|Any CPU.Build.0 = Release|Any CPU
		{0A049345-BBC5-4220-9BA4-D5643D1DA6DD}.Debug|Any CPU.ActiveCfg = Debug|Any CPU
		{0A049345-BBC5-4220-9BA4-D5643D1DA6DD}.Debug|Any CPU.Build.0 = Debug|Any CPU
		{0A049345-BBC5-4220-9BA4-D5643D1DA6DD}.Release|Any CPU.ActiveCfg = Release|Any CPU
		{0A049345-BBC5-4220-9BA4-D5643D1DA6DD}.Release|Any CPU.Build.0 = Release|Any CPU
		{42556DF2-A35A-49D6-BC83-6BE8BB5C43E7}.Debug|Any CPU.ActiveCfg = Debug|Any CPU
		{42556DF2-A35A-49D6-BC83-6BE8BB5C43E7}.Debug|Any CPU.Build.0 = Debug|Any CPU
		{42556DF2-A35A-49D6-BC83-6BE8BB5C43E7}.Release|Any CPU.ActiveCfg = Release|Any CPU
		{42556DF2-A35A-49D6-BC83-6BE8BB5C43E7}.Release|Any CPU.Build.0 = Release|Any CPU
		{91DE5F82-B3FD-4742-8B1F-C04D8CE191B3}.Debug|Any CPU.ActiveCfg = Debug|Any CPU
		{91DE5F82-B3FD-4742-8B1F-C04D8CE191B3}.Debug|Any CPU.Build.0 = Debug|Any CPU
		{91DE5F82-B3FD-4742-8B1F-C04D8CE191B3}.Release|Any CPU.ActiveCfg = Release|Any CPU
		{91DE5F82-B3FD-4742-8B1F-C04D8CE191B3}.Release|Any CPU.Build.0 = Release|Any CPU
		{FD5337A8-CE58-4FF4-A336-10A01901D388}.Debug|Any CPU.ActiveCfg = Debug|Any CPU
		{FD5337A8-CE58-4FF4-A336-10A01901D388}.Debug|Any CPU.Build.0 = Debug|Any CPU
		{FD5337A8-CE58-4FF4-A336-10A01901D388}.Release|Any CPU.ActiveCfg = Release|Any CPU
		{FD5337A8-CE58-4FF4-A336-10A01901D388}.Release|Any CPU.Build.0 = Release|Any CPU
		{F6F4EAF9-C5F7-4EBC-8E10-A9AA64094554}.Debug|Any CPU.ActiveCfg = Debug|Any CPU
		{F6F4EAF9-C5F7-4EBC-8E10-A9AA64094554}.Debug|Any CPU.Build.0 = Debug|Any CPU
		{F6F4EAF9-C5F7-4EBC-8E10-A9AA64094554}.Release|Any CPU.ActiveCfg = Release|Any CPU
		{F6F4EAF9-C5F7-4EBC-8E10-A9AA64094554}.Release|Any CPU.Build.0 = Release|Any CPU
		{2977D33C-6277-4A32-8FD1-1868EC6B77CC}.Debug|Any CPU.ActiveCfg = Debug|Any CPU
		{2977D33C-6277-4A32-8FD1-1868EC6B77CC}.Debug|Any CPU.Build.0 = Debug|Any CPU
		{2977D33C-6277-4A32-8FD1-1868EC6B77CC}.Release|Any CPU.ActiveCfg = Release|Any CPU
		{2977D33C-6277-4A32-8FD1-1868EC6B77CC}.Release|Any CPU.Build.0 = Release|Any CPU
		{98094A5C-1E39-43A9-B797-63F94E40F1EE}.Debug|Any CPU.ActiveCfg = Debug|Any CPU
		{98094A5C-1E39-43A9-B797-63F94E40F1EE}.Debug|Any CPU.Build.0 = Debug|Any CPU
		{98094A5C-1E39-43A9-B797-63F94E40F1EE}.Release|Any CPU.ActiveCfg = Release|Any CPU
		{98094A5C-1E39-43A9-B797-63F94E40F1EE}.Release|Any CPU.Build.0 = Release|Any CPU
		{257E6818-7983-4920-B213-627544E9006A}.Debug|Any CPU.ActiveCfg = Debug|Any CPU
		{257E6818-7983-4920-B213-627544E9006A}.Debug|Any CPU.Build.0 = Debug|Any CPU
		{257E6818-7983-4920-B213-627544E9006A}.Release|Any CPU.ActiveCfg = Release|Any CPU
		{257E6818-7983-4920-B213-627544E9006A}.Release|Any CPU.Build.0 = Release|Any CPU
		{1D55F481-EAA0-4155-B16A-8053264B36E3}.Debug|Any CPU.ActiveCfg = Debug|Any CPU
		{1D55F481-EAA0-4155-B16A-8053264B36E3}.Debug|Any CPU.Build.0 = Debug|Any CPU
		{1D55F481-EAA0-4155-B16A-8053264B36E3}.Release|Any CPU.ActiveCfg = Release|Any CPU
		{1D55F481-EAA0-4155-B16A-8053264B36E3}.Release|Any CPU.Build.0 = Release|Any CPU
		{A3799195-EB3D-455A-B601-1E017A4558E8}.Debug|Any CPU.ActiveCfg = Debug|Any CPU
		{A3799195-EB3D-455A-B601-1E017A4558E8}.Debug|Any CPU.Build.0 = Debug|Any CPU
		{A3799195-EB3D-455A-B601-1E017A4558E8}.Release|Any CPU.ActiveCfg = Release|Any CPU
		{A3799195-EB3D-455A-B601-1E017A4558E8}.Release|Any CPU.Build.0 = Release|Any CPU
		{4419B30A-47B4-4F30-A8D4-F02534F9160A}.Debug|Any CPU.ActiveCfg = Debug|Any CPU
		{4419B30A-47B4-4F30-A8D4-F02534F9160A}.Debug|Any CPU.Build.0 = Debug|Any CPU
		{4419B30A-47B4-4F30-A8D4-F02534F9160A}.Release|Any CPU.ActiveCfg = Release|Any CPU
		{4419B30A-47B4-4F30-A8D4-F02534F9160A}.Release|Any CPU.Build.0 = Release|Any CPU
		{64D3077B-EE98-4938-ABFE-BEF202344EBD}.Debug|Any CPU.ActiveCfg = Debug|Any CPU
		{64D3077B-EE98-4938-ABFE-BEF202344EBD}.Debug|Any CPU.Build.0 = Debug|Any CPU
		{64D3077B-EE98-4938-ABFE-BEF202344EBD}.Release|Any CPU.ActiveCfg = Release|Any CPU
		{64D3077B-EE98-4938-ABFE-BEF202344EBD}.Release|Any CPU.Build.0 = Release|Any CPU
		{77EAAE23-AD8F-4063-99C6-A2732DA82748}.Debug|Any CPU.ActiveCfg = Debug|Any CPU
		{77EAAE23-AD8F-4063-99C6-A2732DA82748}.Debug|Any CPU.Build.0 = Debug|Any CPU
		{77EAAE23-AD8F-4063-99C6-A2732DA82748}.Release|Any CPU.ActiveCfg = Release|Any CPU
		{77EAAE23-AD8F-4063-99C6-A2732DA82748}.Release|Any CPU.Build.0 = Release|Any CPU
		{66D6CFF4-4ECE-4BA4-BB8C-D3B58D71F9FE}.Debug|Any CPU.ActiveCfg = Debug|Any CPU
		{66D6CFF4-4ECE-4BA4-BB8C-D3B58D71F9FE}.Debug|Any CPU.Build.0 = Debug|Any CPU
		{66D6CFF4-4ECE-4BA4-BB8C-D3B58D71F9FE}.Release|Any CPU.ActiveCfg = Release|Any CPU
		{66D6CFF4-4ECE-4BA4-BB8C-D3B58D71F9FE}.Release|Any CPU.Build.0 = Release|Any CPU
	EndGlobalSection
	GlobalSection(SolutionProperties) = preSolution
		HideSolutionNode = FALSE
	EndGlobalSection
EndGlobal
